
Microsoft Visual Studio Solution File, Format Version 12.00
# Visual Studio Version 17
VisualStudioVersion = 17.8.34525.116
MinimumVisualStudioVersion = 10.0.40219.1
Project("{FAE04EC0-301F-11D3-BF4B-00C04F79EFBC}") = "XMLChecker", "XMLChecker.csproj", "{DD5B41B8-543F-483D-AA64-493FE23EE0EF}"
EndProject
Global
	GlobalSection(SolutionConfigurationPlatforms) = preSolution
		Debug|Any CPU = Debug|Any CPU
		Release|Any CPU = Release|Any CPU
	EndGlobalSection
	GlobalSection(ProjectConfigurationPlatforms) = postSolution
		{DD5B41B8-543F-483D-AA64-493FE23EE0EF}.Debug|Any CPU.ActiveCfg = Debug|Any CPU
		{DD5B41B8-543F-483D-AA64-493FE23EE0EF}.Debug|Any CPU.Build.0 = Debug|Any CPU
		{DD5B41B8-543F-483D-AA64-493FE23EE0EF}.Release|Any CPU.ActiveCfg = Release|Any CPU
		{DD5B41B8-543F-483D-AA64-493FE23EE0EF}.Release|Any CPU.Build.0 = Release|Any CPU
	EndGlobalSection
	GlobalSection(SolutionProperties) = preSolution
		HideSolutionNode = FALSE
	EndGlobalSection
	GlobalSection(ExtensibilityGlobals) = postSolution
		SolutionGuid = {4EAE5527-721D-4DAE-9B6E-7F90D2B02979}
	EndGlobalSection
EndGlobal
